
Microsoft Visual Studio Solution File, Format Version 12.00
# Visual Studio 15
VisualStudioVersion = 15.0.27130.2010
MinimumVisualStudioVersion = 10.0.40219.1
Project("{FAE04EC0-301F-11D3-BF4B-00C04F79EFBC}") = "Warsztaty", "Warsztaty\Warsztaty.csproj", "{6E83AD52-907B-470A-BE1D-4E76070B6930}"
EndProject
Global
	GlobalSection(SolutionConfigurationPlatforms) = preSolution
		Debug|Any CPU = Debug|Any CPU
		Release|Any CPU = Release|Any CPU
	EndGlobalSection
	GlobalSection(ProjectConfigurationPlatforms) = postSolution
		{6E83AD52-907B-470A-BE1D-4E76070B6930}.Debug|Any CPU.ActiveCfg = Debug|Any CPU
		{6E83AD52-907B-470A-BE1D-4E76070B6930}.Debug|Any CPU.Build.0 = Debug|Any CPU
		{6E83AD52-907B-470A-BE1D-4E76070B6930}.Release|Any CPU.ActiveCfg = Release|Any CPU
		{6E83AD52-907B-470A-BE1D-4E76070B6930}.Release|Any CPU.Build.0 = Release|Any CPU
	EndGlobalSection
	GlobalSection(SolutionProperties) = preSolution
		HideSolutionNode = FALSE
	EndGlobalSection
	GlobalSection(ExtensibilityGlobals) = postSolution
		SolutionGuid = {FDCF973D-83BD-4C46-BC19-87245D6A266D}
	EndGlobalSection
EndGlobal
